
Microsoft Visual Studio Solution File, Format Version 12.00
# Visual Studio Version 17
VisualStudioVersion = 17.2.32630.192
MinimumVisualStudioVersion = 10.0.40219.1
Project("{FAE04EC0-301F-11D3-BF4B-00C04F79EFBC}") = "Test", "Test.csproj", "{6C38CD50-3A96-41D8-9A4F-6AB59EFCC449}"
EndProject
Global
	GlobalSection(SolutionConfigurationPlatforms) = preSolution
		Debug|Any CPU = Debug|Any CPU
		Release|Any CPU = Release|Any CPU
	EndGlobalSection
	GlobalSection(ProjectConfigurationPlatforms) = postSolution
		{6C38CD50-3A96-41D8-9A4F-6AB59EFCC449}.Debug|Any CPU.ActiveCfg = Debug|Any CPU
		{6C38CD50-3A96-41D8-9A4F-6AB59EFCC449}.Debug|Any CPU.Build.0 = Debug|Any CPU
		{6C38CD50-3A96-41D8-9A4F-6AB59EFCC449}.Release|Any CPU.ActiveCfg = Release|Any CPU
		{6C38CD50-3A96-41D8-9A4F-6AB59EFCC449}.Release|Any CPU.Build.0 = Release|Any CPU
	EndGlobalSection
	GlobalSection(SolutionProperties) = preSolution
		HideSolutionNode = FALSE
	EndGlobalSection
	GlobalSection(ExtensibilityGlobals) = postSolution
		SolutionGuid = {20B66410-3997-4395-B151-94F3A0C29DD2}
	EndGlobalSection
EndGlobal
